// !$*UTF8*$!
{
	archiveVersion = 1;
	classes = {
	};
	objectVersion = 46;
	objects = {

/* Begin PBXBuildFile section */
		83193E671EA27640009AC64C /* MapViewConttroller.swift in Sources */ = {isa = PBXBuildFile; fileRef = 83193E661EA27640009AC64C /* MapViewConttroller.swift */; };
		83193E6B1EA2DAEA009AC64C /* AppIcon.xcassets in Resources */ = {isa = PBXBuildFile; fileRef = 83193E6A1EA2DAEA009AC64C /* AppIcon.xcassets */; };
		83193E6D1EA2DB13009AC64C /* Assets.xcassets in Resources */ = {isa = PBXBuildFile; fileRef = 83193E6C1EA2DB13009AC64C /* Assets.xcassets */; };
		83193E6F1EA3CBE0009AC64C /* ContactCell.swift in Sources */ = {isa = PBXBuildFile; fileRef = 83193E6E1EA3CBE0009AC64C /* ContactCell.swift */; };
		83193E711EA3D1E4009AC64C /* LocationCell.swift in Sources */ = {isa = PBXBuildFile; fileRef = 83193E701EA3D1E4009AC64C /* LocationCell.swift */; };
		83193E731EA3D211009AC64C /* URLCell.swift in Sources */ = {isa = PBXBuildFile; fileRef = 83193E721EA3D211009AC64C /* URLCell.swift */; };
		83DBDC4C1EA16F530024665C /* AppDelegate.swift in Sources */ = {isa = PBXBuildFile; fileRef = 83DBDC4B1EA16F530024665C /* AppDelegate.swift */; };
		83DBDC4E1EA16F530024665C /* MasterViewController.swift in Sources */ = {isa = PBXBuildFile; fileRef = 83DBDC4D1EA16F530024665C /* MasterViewController.swift */; };
		83DBDC501EA16F530024665C /* DetailViewController.swift in Sources */ = {isa = PBXBuildFile; fileRef = 83DBDC4F1EA16F530024665C /* DetailViewController.swift */; };
		83DBDC531EA16F530024665C /* Main.storyboard in Resources */ = {isa = PBXBuildFile; fileRef = 83DBDC511EA16F530024665C /* Main.storyboard */; };
		83DBDC581EA16F530024665C /* LaunchScreen.storyboard in Resources */ = {isa = PBXBuildFile; fileRef = 83DBDC561EA16F530024665C /* LaunchScreen.storyboard */; };
		83DBDC631EA16F530024665C /* Demo2Tests.swift in Sources */ = {isa = PBXBuildFile; fileRef = 83DBDC621EA16F530024665C /* Demo2Tests.swift */; };
		83DBDC6E1EA16F530024665C /* Demo2UITests.swift in Sources */ = {isa = PBXBuildFile; fileRef = 83DBDC6D1EA16F530024665C /* Demo2UITests.swift */; };
		83DBDC7C1EA1716B0024665C /* Organizations.plist in Resources */ = {isa = PBXBuildFile; fileRef = 83DBDC7B1EA1716B0024665C /* Organizations.plist */; };
/* End PBXBuildFile section */

/* Begin PBXContainerItemProxy section */
		83DBDC5F1EA16F530024665C /* PBXContainerItemProxy */ = {
			isa = PBXContainerItemProxy;
			containerPortal = 83DBDC401EA16F530024665C /* Project object */;
			proxyType = 1;
			remoteGlobalIDString = 83DBDC471EA16F530024665C;
			remoteInfo = Demo2;
		};
		83DBDC6A1EA16F530024665C /* PBXContainerItemProxy */ = {
			isa = PBXContainerItemProxy;
			containerPortal = 83DBDC401EA16F530024665C /* Project object */;
			proxyType = 1;
			remoteGlobalIDString = 83DBDC471EA16F530024665C;
			remoteInfo = Demo2;
		};
/* End PBXContainerItemProxy section */

/* Begin PBXFileReference section */
		83193E661EA27640009AC64C /* MapViewConttroller.swift */ = {isa = PBXFileReference; fileEncoding = 4; lastKnownFileType = sourcecode.swift; path = MapViewConttroller.swift; sourceTree = "<group>"; };
		83193E6A1EA2DAEA009AC64C /* AppIcon.xcassets */ = {isa = PBXFileReference; lastKnownFileType = folder.assetcatalog; path = AppIcon.xcassets; sourceTree = "<group>"; };
		83193E6C1EA2DB13009AC64C /* Assets.xcassets */ = {isa = PBXFileReference; lastKnownFileType = folder.assetcatalog; path = Assets.xcassets; sourceTree = "<group>"; };
		83193E6E1EA3CBE0009AC64C /* ContactCell.swift */ = {isa = PBXFileReference; fileEncoding = 4; lastKnownFileType = sourcecode.swift; path = ContactCell.swift; sourceTree = "<group>"; };
		83193E701EA3D1E4009AC64C /* LocationCell.swift */ = {isa = PBXFileReference; fileEncoding = 4; lastKnownFileType = sourcecode.swift; path = LocationCell.swift; sourceTree = "<group>"; };
		83193E721EA3D211009AC64C /* URLCell.swift */ = {isa = PBXFileReference; fileEncoding = 4; lastKnownFileType = sourcecode.swift; path = URLCell.swift; sourceTree = "<group>"; };
		83DBDC481EA16F530024665C /* Demo2.app */ = {isa = PBXFileReference; explicitFileType = wrapper.application; includeInIndex = 0; path = Demo2.app; sourceTree = BUILT_PRODUCTS_DIR; };
		83DBDC4B1EA16F530024665C /* AppDelegate.swift */ = {isa = PBXFileReference; lastKnownFileType = sourcecode.swift; path = AppDelegate.swift; sourceTree = "<group>"; };
		83DBDC4D1EA16F530024665C /* MasterViewController.swift */ = {isa = PBXFileReference; lastKnownFileType = sourcecode.swift; path = MasterViewController.swift; sourceTree = "<group>"; };
		83DBDC4F1EA16F530024665C /* DetailViewController.swift */ = {isa = PBXFileReference; lastKnownFileType = sourcecode.swift; path = DetailViewController.swift; sourceTree = "<group>"; };
		83DBDC521EA16F530024665C /* Base */ = {isa = PBXFileReference; lastKnownFileType = file.storyboard; name = Base; path = Base.lproj/Main.storyboard; sourceTree = "<group>"; };
		83DBDC571EA16F530024665C /* Base */ = {isa = PBXFileReference; lastKnownFileType = file.storyboard; name = Base; path = Base.lproj/LaunchScreen.storyboard; sourceTree = "<group>"; };
		83DBDC591EA16F530024665C /* Info.plist */ = {isa = PBXFileReference; lastKnownFileType = text.plist.xml; path = Info.plist; sourceTree = "<group>"; };
		83DBDC5E1EA16F530024665C /* Demo2Tests.xctest */ = {isa = PBXFileReference; explicitFileType = wrapper.cfbundle; includeInIndex = 0; path = Demo2Tests.xctest; sourceTree = BUILT_PRODUCTS_DIR; };
		83DBDC621EA16F530024665C /* Demo2Tests.swift */ = {isa = PBXFileReference; lastKnownFileType = sourcecode.swift; path = Demo2Tests.swift; sourceTree = "<group>"; };
		83DBDC641EA16F530024665C /* Info.plist */ = {isa = PBXFileReference; lastKnownFileType = text.plist.xml; path = Info.plist; sourceTree = "<group>"; };
		83DBDC691EA16F530024665C /* Demo2UITests.xctest */ = {isa = PBXFileReference; explicitFileType = wrapper.cfbundle; includeInIndex = 0; path = Demo2UITests.xctest; sourceTree = BUILT_PRODUCTS_DIR; };
		83DBDC6D1EA16F530024665C /* Demo2UITests.swift */ = {isa = PBXFileReference; lastKnownFileType = sourcecode.swift; path = Demo2UITests.swift; sourceTree = "<group>"; };
		83DBDC6F1EA16F530024665C /* Info.plist */ = {isa = PBXFileReference; lastKnownFileType = text.plist.xml; path = Info.plist; sourceTree = "<group>"; };
		83DBDC7B1EA1716B0024665C /* Organizations.plist */ = {isa = PBXFileReference; fileEncoding = 4; lastKnownFileType = text.plist.xml; path = Organizations.plist; sourceTree = "<group>"; };
/* End PBXFileReference section */

/* Begin PBXFrameworksBuildPhase section */
		83DBDC451EA16F530024665C /* Frameworks */ = {
			isa = PBXFrameworksBuildPhase;
			buildActionMask = 2147483647;
			files = (
			);
			runOnlyForDeploymentPostprocessing = 0;
		};
		83DBDC5B1EA16F530024665C /* Frameworks */ = {
			isa = PBXFrameworksBuildPhase;
			buildActionMask = 2147483647;
			files = (
			);
			runOnlyForDeploymentPostprocessing = 0;
		};
		83DBDC661EA16F530024665C /* Frameworks */ = {
			isa = PBXFrameworksBuildPhase;
			buildActionMask = 2147483647;
			files = (
			);
			runOnlyForDeploymentPostprocessing = 0;
		};
/* End PBXFrameworksBuildPhase section */

/* Begin PBXGroup section */
		83DBDC3F1EA16F530024665C = {
			isa = PBXGroup;
			children = (
				83193E6A1EA2DAEA009AC64C /* AppIcon.xcassets */,
				83DBDC4A1EA16F530024665C /* Demo2 */,
				83DBDC611EA16F530024665C /* Demo2Tests */,
				83DBDC6C1EA16F530024665C /* Demo2UITests */,
				83DBDC491EA16F530024665C /* Products */,
			);
			sourceTree = "<group>";
		};
		83DBDC491EA16F530024665C /* Products */ = {
			isa = PBXGroup;
			children = (
				83DBDC481EA16F530024665C /* Demo2.app */,
				83DBDC5E1EA16F530024665C /* Demo2Tests.xctest */,
				83DBDC691EA16F530024665C /* Demo2UITests.xctest */,
			);
			name = Products;
			sourceTree = "<group>";
		};
		83DBDC4A1EA16F530024665C /* Demo2 */ = {
			isa = PBXGroup;
			children = (
				83DBDC4B1EA16F530024665C /* AppDelegate.swift */,
				83DBDC4D1EA16F530024665C /* MasterViewController.swift */,
				83DBDC4F1EA16F530024665C /* DetailViewController.swift */,
				83193E661EA27640009AC64C /* MapViewConttroller.swift */,
				83193E6E1EA3CBE0009AC64C /* ContactCell.swift */,
				83193E701EA3D1E4009AC64C /* LocationCell.swift */,
				83193E721EA3D211009AC64C /* URLCell.swift */,
				83193E6C1EA2DB13009AC64C /* Assets.xcassets */,
				83DBDC561EA16F530024665C /* LaunchScreen.storyboard */,
				83DBDC7B1EA1716B0024665C /* Organizations.plist */,
				83DBDC511EA16F530024665C /* Main.storyboard */,
				83DBDC591EA16F530024665C /* Info.plist */,
			);
			path = Demo2;
			sourceTree = "<group>";
		};
		83DBDC611EA16F530024665C /* Demo2Tests */ = {
			isa = PBXGroup;
			children = (
				83DBDC621EA16F530024665C /* Demo2Tests.swift */,
				83DBDC641EA16F530024665C /* Info.plist */,
			);
			path = Demo2Tests;
			sourceTree = "<group>";
		};
		83DBDC6C1EA16F530024665C /* Demo2UITests */ = {
			isa = PBXGroup;
			children = (
				83DBDC6D1EA16F530024665C /* Demo2UITests.swift */,
				83DBDC6F1EA16F530024665C /* Info.plist */,
			);
			path = Demo2UITests;
			sourceTree = "<group>";
		};
/* End PBXGroup section */

/* Begin PBXNativeTarget section */
		83DBDC471EA16F530024665C /* Demo2 */ = {
			isa = PBXNativeTarget;
			buildConfigurationList = 83DBDC721EA16F530024665C /* Build configuration list for PBXNativeTarget "Demo2" */;
			buildPhases = (
				83DBDC441EA16F530024665C /* Sources */,
				83DBDC451EA16F530024665C /* Frameworks */,
				83DBDC461EA16F530024665C /* Resources */,
			);
			buildRules = (
			);
			dependencies = (
			);
			name = Demo2;
			productName = Demo2;
			productReference = 83DBDC481EA16F530024665C /* Demo2.app */;
			productType = "com.apple.product-type.application";
		};
		83DBDC5D1EA16F530024665C /* Demo2Tests */ = {
			isa = PBXNativeTarget;
			buildConfigurationList = 83DBDC751EA16F530024665C /* Build configuration list for PBXNativeTarget "Demo2Tests" */;
			buildPhases = (
				83DBDC5A1EA16F530024665C /* Sources */,
				83DBDC5B1EA16F530024665C /* Frameworks */,
				83DBDC5C1EA16F530024665C /* Resources */,
			);
			buildRules = (
			);
			dependencies = (
				83DBDC601EA16F530024665C /* PBXTargetDependency */,
			);
			name = Demo2Tests;
			productName = Demo2Tests;
			productReference = 83DBDC5E1EA16F530024665C /* Demo2Tests.xctest */;
			productType = "com.apple.product-type.bundle.unit-test";
		};
		83DBDC681EA16F530024665C /* Demo2UITests */ = {
			isa = PBXNativeTarget;
			buildConfigurationList = 83DBDC781EA16F530024665C /* Build configuration list for PBXNativeTarget "Demo2UITests" */;
			buildPhases = (
				83DBDC651EA16F530024665C /* Sources */,
				83DBDC661EA16F530024665C /* Frameworks */,
				83DBDC671EA16F530024665C /* Resources */,
			);
			buildRules = (
			);
			dependencies = (
				83DBDC6B1EA16F530024665C /* PBXTargetDependency */,
			);
			name = Demo2UITests;
			productName = Demo2UITests;
			productReference = 83DBDC691EA16F530024665C /* Demo2UITests.xctest */;
			productType = "com.apple.product-type.bundle.ui-testing";
		};
/* End PBXNativeTarget section */

/* Begin PBXProject section */
		83DBDC401EA16F530024665C /* Project object */ = {
			isa = PBXProject;
			attributes = {
				LastSwiftUpdateCheck = 0830;
				LastUpgradeCheck = 0830;
				ORGANIZATIONNAME = "Richard de los Santos";
				TargetAttributes = {
					83DBDC471EA16F530024665C = {
						CreatedOnToolsVersion = 8.3;
						ProvisioningStyle = Automatic;
					};
					83DBDC5D1EA16F530024665C = {
						CreatedOnToolsVersion = 8.3;
						ProvisioningStyle = Automatic;
						TestTargetID = 83DBDC471EA16F530024665C;
					};
					83DBDC681EA16F530024665C = {
						CreatedOnToolsVersion = 8.3;
						ProvisioningStyle = Automatic;
						TestTargetID = 83DBDC471EA16F530024665C;
					};
				};
			};
			buildConfigurationList = 83DBDC431EA16F530024665C /* Build configuration list for PBXProject "Demo2" */;
			compatibilityVersion = "Xcode 3.2";
			developmentRegion = English;
			hasScannedForEncodings = 0;
			knownRegions = (
				en,
				Base,
			);
			mainGroup = 83DBDC3F1EA16F530024665C;
			productRefGroup = 83DBDC491EA16F530024665C /* Products */;
			projectDirPath = "";
			projectRoot = "";
			targets = (
				83DBDC471EA16F530024665C /* Demo2 */,
				83DBDC5D1EA16F530024665C /* Demo2Tests */,
				83DBDC681EA16F530024665C /* Demo2UITests */,
			);
		};
/* End PBXProject section */

/* Begin PBXResourcesBuildPhase section */
		83DBDC461EA16F530024665C /* Resources */ = {
			isa = PBXResourcesBuildPhase;
			buildActionMask = 2147483647;
			files = (
				83193E6B1EA2DAEA009AC64C /* AppIcon.xcassets in Resources */,
				83DBDC581EA16F530024665C /* LaunchScreen.storyboard in Resources */,
				83DBDC7C1EA1716B0024665C /* Organizations.plist in Resources */,
				83193E6D1EA2DB13009AC64C /* Assets.xcassets in Resources */,
				83DBDC531EA16F530024665C /* Main.storyboard in Resources */,
			);
			runOnlyForDeploymentPostprocessing = 0;
		};
		83DBDC5C1EA16F530024665C /* Resources */ = {
			isa = PBXResourcesBuildPhase;
			buildActionMask = 2147483647;
			files = (
			);
			runOnlyForDeploymentPostprocessing = 0;
		};
		83DBDC671EA16F530024665C /* Resources */ = {
			isa = PBXResourcesBuildPhase;
			buildActionMask = 2147483647;
			files = (
			);
			runOnlyForDeploymentPostprocessing = 0;
		};
/* End PBXResourcesBuildPhase section */

/* Begin PBXSourcesBuildPhase section */
		83DBDC441EA16F530024665C /* Sources */ = {
			isa = PBXSourcesBuildPhase;
			buildActionMask = 2147483647;
			files = (
				83193E711EA3D1E4009AC64C /* LocationCell.swift in Sources */,
				83193E6F1EA3CBE0009AC64C /* ContactCell.swift in Sources */,
				83DBDC501EA16F530024665C /* DetailViewController.swift in Sources */,
				83DBDC4E1EA16F530024665C /* MasterViewController.swift in Sources */,
				83193E671EA27640009AC64C /* MapViewConttroller.swift in Sources */,
				83DBDC4C1EA16F530024665C /* AppDelegate.swift in Sources */,
				83193E731EA3D211009AC64C /* URLCell.swift in Sources */,
			);
			runOnlyForDeploymentPostprocessing = 0;
		};
		83DBDC5A1EA16F530024665C /* Sources */ = {
			isa = PBXSourcesBuildPhase;
			buildActionMask = 2147483647;
			files = (
				83DBDC631EA16F530024665C /* Demo2Tests.swift in Sources */,
			);
			runOnlyForDeploymentPostprocessing = 0;
		};
		83DBDC651EA16F530024665C /* Sources */ = {
			isa = PBXSourcesBuildPhase;
			buildActionMask = 2147483647;
			files = (
				83DBDC6E1EA16F530024665C /* Demo2UITests.swift in Sources */,
			);
			runOnlyForDeploymentPostprocessing = 0;
		};
/* End PBXSourcesBuildPhase section */

/* Begin PBXTargetDependency section */
		83DBDC601EA16F530024665C /* PBXTargetDependency */ = {
			isa = PBXTargetDependency;
			target = 83DBDC471EA16F530024665C /* Demo2 */;
			targetProxy = 83DBDC5F1EA16F530024665C /* PBXContainerItemProxy */;
		};
		83DBDC6B1EA16F530024665C /* PBXTargetDependency */ = {
			isa = PBXTargetDependency;
			target = 83DBDC471EA16F530024665C /* Demo2 */;
			targetProxy = 83DBDC6A1EA16F530024665C /* PBXContainerItemProxy */;
		};
/* End PBXTargetDependency section */

/* Begin PBXVariantGroup section */
		83DBDC511EA16F530024665C /* Main.storyboard */ = {
			isa = PBXVariantGroup;
			children = (
				83DBDC521EA16F530024665C /* Base */,
			);
			name = Main.storyboard;
			sourceTree = "<group>";
		};
		83DBDC561EA16F530024665C /* LaunchScreen.storyboard */ = {
			isa = PBXVariantGroup;
			children = (
				83DBDC571EA16F530024665C /* Base */,
			);
			name = LaunchScreen.storyboard;
			sourceTree = "<group>";
		};
/* End PBXVariantGroup section */

/* Begin XCBuildConfiguration section */
		83DBDC701EA16F530024665C /* Debug */ = {
			isa = XCBuildConfiguration;
			buildSettings = {
				ALWAYS_SEARCH_USER_PATHS = NO;
				CLANG_ANALYZER_NONNULL = YES;
				CLANG_ANALYZER_NUMBER_OBJECT_CONVERSION = YES_AGGRESSIVE;
				CLANG_CXX_LANGUAGE_STANDARD = "gnu++0x";
				CLANG_CXX_LIBRARY = "libc++";
				CLANG_ENABLE_MODULES = YES;
				CLANG_ENABLE_OBJC_ARC = YES;
				CLANG_WARN_BOOL_CONVERSION = YES;
				CLANG_WARN_CONSTANT_CONVERSION = YES;
				CLANG_WARN_DIRECT_OBJC_ISA_USAGE = YES_ERROR;
				CLANG_WARN_DOCUMENTATION_COMMENTS = YES;
				CLANG_WARN_EMPTY_BODY = YES;
				CLANG_WARN_ENUM_CONVERSION = YES;
				CLANG_WARN_INFINITE_RECURSION = YES;
				CLANG_WARN_INT_CONVERSION = YES;
				CLANG_WARN_OBJC_ROOT_CLASS = YES_ERROR;
				CLANG_WARN_SUSPICIOUS_MOVE = YES;
				CLANG_WARN_UNREACHABLE_CODE = YES;
				CLANG_WARN__DUPLICATE_METHOD_MATCH = YES;
				"CODE_SIGN_IDENTITY[sdk=iphoneos*]" = "iPhone Developer";
				COPY_PHASE_STRIP = NO;
				DEBUG_INFORMATION_FORMAT = dwarf;
				ENABLE_STRICT_OBJC_MSGSEND = YES;
				ENABLE_TESTABILITY = YES;
				GCC_C_LANGUAGE_STANDARD = gnu99;
				GCC_DYNAMIC_NO_PIC = NO;
				GCC_NO_COMMON_BLOCKS = YES;
				GCC_OPTIMIZATION_LEVEL = 0;
				GCC_PREPROCESSOR_DEFINITIONS = (
					"DEBUG=1",
					"$(inherited)",
				);
				GCC_WARN_64_TO_32_BIT_CONVERSION = YES;
				GCC_WARN_ABOUT_RETURN_TYPE = YES_ERROR;
				GCC_WARN_UNDECLARED_SELECTOR = YES;
				GCC_WARN_UNINITIALIZED_AUTOS = YES_AGGRESSIVE;
				GCC_WARN_UNUSED_FUNCTION = YES;
				GCC_WARN_UNUSED_VARIABLE = YES;
				IPHONEOS_DEPLOYMENT_TARGET = 10.3;
				MTL_ENABLE_DEBUG_INFO = YES;
				ONLY_ACTIVE_ARCH = YES;
				SDKROOT = iphoneos;
				SWIFT_ACTIVE_COMPILATION_CONDITIONS = DEBUG;
				SWIFT_OPTIMIZATION_LEVEL = "-Onone";
				TARGETED_DEVICE_FAMILY = "1,2";
			};
			name = Debug;
		};
		83DBDC711EA16F530024665C /* Release */ = {
			isa = XCBuildConfiguration;
			buildSettings = {
				ALWAYS_SEARCH_USER_PATHS = NO;
				CLANG_ANALYZER_NONNULL = YES;
				CLANG_ANALYZER_NUMBER_OBJECT_CONVERSION = YES_AGGRESSIVE;
				CLANG_CXX_LANGUAGE_STANDARD = "gnu++0x";
				CLANG_CXX_LIBRARY = "libc++";
				CLANG_ENABLE_MODULES = YES;
				CLANG_ENABLE_OBJC_ARC = YES;
				CLANG_WARN_BOOL_CONVERSION = YES;
				CLANG_WARN_CONSTANT_CONVERSION = YES;
				CLANG_WARN_DIRECT_OBJC_ISA_USAGE = YES_ERROR;
				CLANG_WARN_DOCUMENTATION_COMMENTS = YES;
				CLANG_WARN_EMPTY_BODY = YES;
				CLANG_WARN_ENUM_CONVERSION = YES;
				CLANG_WARN_INFINITE_RECURSION = YES;
				CLANG_WARN_INT_CONVERSION = YES;
				CLANG_WARN_OBJC_ROOT_CLASS = YES_ERROR;
				CLANG_WARN_SUSPICIOUS_MOVE = YES;
				CLANG_WARN_UNREACHABLE_CODE = YES;
				CLANG_WARN__DUPLICATE_METHOD_MATCH = YES;
				"CODE_SIGN_IDENTITY[sdk=iphoneos*]" = "iPhone Developer";
				COPY_PHASE_STRIP = NO;
				DEBUG_INFORMATION_FORMAT = "dwarf-with-dsym";
				ENABLE_NS_ASSERTIONS = NO;
				ENABLE_STRICT_OBJC_MSGSEND = YES;
				GCC_C_LANGUAGE_STANDARD = gnu99;
				GCC_NO_COMMON_BLOCKS = YES;
				GCC_WARN_64_TO_32_BIT_CONVERSION = YES;
				GCC_WARN_ABOUT_RETURN_TYPE = YES_ERROR;
				GCC_WARN_UNDECLARED_SELECTOR = YES;
				GCC_WARN_UNINITIALIZED_AUTOS = YES_AGGRESSIVE;
				GCC_WARN_UNUSED_FUNCTION = YES;
				GCC_WARN_UNUSED_VARIABLE = YES;
				IPHONEOS_DEPLOYMENT_TARGET = 10.3;
				MTL_ENABLE_DEBUG_INFO = NO;
				SDKROOT = iphoneos;
				SWIFT_OPTIMIZATION_LEVEL = "-Owholemodule";
				TARGETED_DEVICE_FAMILY = "1,2";
				VALIDATE_PRODUCT = YES;
			};
			name = Release;
		};
		83DBDC731EA16F530024665C /* Debug */ = {
			isa = XCBuildConfiguration;
			buildSettings = {
				ASSETCATALOG_COMPILER_APPICON_NAME = AppIcon;
				INFOPLIST_FILE = Demo2/Info.plist;
				LD_RUNPATH_SEARCH_PATHS = "$(inherited) @executable_path/Frameworks";
				PRODUCT_BUNDLE_IDENTIFIER = com.demo.One.Demo2;
				PRODUCT_NAME = "$(TARGET_NAME)";
				SWIFT_VERSION = 3.0;
			};
			name = Debug;
		};
		83DBDC741EA16F530024665C /* Release */ = {
			isa = XCBuildConfiguration;
			buildSettings = {
				ASSETCATALOG_COMPILER_APPICON_NAME = AppIcon;
				INFOPLIST_FILE = Demo2/Info.plist;
				LD_RUNPATH_SEARCH_PATHS = "$(inherited) @executable_path/Frameworks";
				PRODUCT_BUNDLE_IDENTIFIER = com.demo.One.Demo2;
				PRODUCT_NAME = "$(TARGET_NAME)";
				SWIFT_VERSION = 3.0;
			};
			name = Release;
		};
		83DBDC761EA16F530024665C /* Debug */ = {
			isa = XCBuildConfiguration;
			buildSettings = {
				ALWAYS_EMBED_SWIFT_STANDARD_LIBRARIES = YES;
				BUNDLE_LOADER = "$(TEST_HOST)";
				INFOPLIST_FILE = Demo2Tests/Info.plist;
				LD_RUNPATH_SEARCH_PATHS = "$(inherited) @executable_path/Frameworks @loader_path/Frameworks";
				PRODUCT_BUNDLE_IDENTIFIER = com.demo.One.Demo2Tests;
				PRODUCT_NAME = "$(TARGET_NAME)";
				SWIFT_VERSION = 3.0;
				TEST_HOST = "$(BUILT_PRODUCTS_DIR)/Demo2.app/Demo2";
			};
			name = Debug;
		};
		83DBDC771EA16F530024665C /* Release */ = {
			isa = XCBuildConfiguration;
			buildSettings = {
				ALWAYS_EMBED_SWIFT_STANDARD_LIBRARIES = YES;
				BUNDLE_LOADER = "$(TEST_HOST)";
				INFOPLIST_FILE = Demo2Tests/Info.plist;
				LD_RUNPATH_SEARCH_PATHS = "$(inherited) @executable_path/Frameworks @loader_path/Frameworks";
				PRODUCT_BUNDLE_IDENTIFIER = com.demo.One.Demo2Tests;
				PRODUCT_NAME = "$(TARGET_NAME)";
				SWIFT_VERSION = 3.0;
				TEST_HOST = "$(BUILT_PRODUCTS_DIR)/Demo2.app/Demo2";
			};
			name = Release;
		};
		83DBDC791EA16F530024665C /* Debug */ = {
			isa = XCBuildConfiguration;
			buildSettings = {
				ALWAYS_EMBED_SWIFT_STANDARD_LIBRARIES = YES;
				INFOPLIST_FILE = Demo2UITests/Info.plist;
				LD_RUNPATH_SEARCH_PATHS = "$(inherited) @executable_path/Frameworks @loader_path/Frameworks";
				PRODUCT_BUNDLE_IDENTIFIER = com.demo.One.Demo2UITests;
				PRODUCT_NAME = "$(TARGET_NAME)";
				SWIFT_VERSION = 3.0;
				TEST_TARGET_NAME = Demo2;
			};
			name = Debug;
		};
		83DBDC7A1EA16F530024665C /* Release */ = {
			isa = XCBuildConfiguration;
			buildSettings = {
				ALWAYS_EMBED_SWIFT_STANDARD_LIBRARIES = YES;
				INFOPLIST_FILE = Demo2UITests/Info.plist;
				LD_RUNPATH_SEARCH_PATHS = "$(inherited) @executable_path/Frameworks @loader_path/Frameworks";
				PRODUCT_BUNDLE_IDENTIFIER = com.demo.One.Demo2UITests;
				PRODUCT_NAME = "$(TARGET_NAME)";
				SWIFT_VERSION = 3.0;
				TEST_TARGET_NAME = Demo2;
			};
			name = Release;
		};
/* End XCBuildConfiguration section */

/* Begin XCConfigurationList section */
		83DBDC431EA16F530024665C /* Build configuration list for PBXProject "Demo2" */ = {
			isa = XCConfigurationList;
			buildConfigurations = (
				83DBDC701EA16F530024665C /* Debug */,
				83DBDC711EA16F530024665C /* Release */,
			);
			defaultConfigurationIsVisible = 0;
			defaultConfigurationName = Release;
		};
		83DBDC721EA16F530024665C /* Build configuration list for PBXNativeTarget "Demo2" */ = {
			isa = XCConfigurationList;
			buildConfigurations = (
				83DBDC731EA16F530024665C /* Debug */,
				83DBDC741EA16F530024665C /* Release */,
			);
			defaultConfigurationIsVisible = 0;
			defaultConfigurationName = Release;
		};
		83DBDC751EA16F530024665C /* Build configuration list for PBXNativeTarget "Demo2Tests" */ = {
			isa = XCConfigurationList;
			buildConfigurations = (
				83DBDC761EA16F530024665C /* Debug */,
				83DBDC771EA16F530024665C /* Release */,
			);
			defaultConfigurationIsVisible = 0;
			defaultConfigurationName = Release;
		};
		83DBDC781EA16F530024665C /* Build configuration list for PBXNativeTarget "Demo2UITests" */ = {
			isa = XCConfigurationList;
			buildConfigurations = (
				83DBDC791EA16F530024665C /* Debug */,
				83DBDC7A1EA16F530024665C /* Release */,
			);
			defaultConfigurationIsVisible = 0;
			defaultConfigurationName = Release;
		};
/* End XCConfigurationList section */
	};
	rootObject = 83DBDC401EA16F530024665C /* Project object */;
}
